
Microsoft Visual Studio Solution File, Format Version 12.00
Project("{FAE04EC0-301F-11D3-BF4B-00C04F79EFBC}") = "Lab3", "Lab3\Lab3.csproj", "{A2D74FF1-B1A9-480D-8CE9-41FF5FDA3993}"
EndProject
Project("{FAE04EC0-301F-11D3-BF4B-00C04F79EFBC}") = "Lab3Part2", "Lab3Part2\Lab3Part2.csproj", "{4DE8AC13-ECC6-48E4-8EE5-9DCB52072AB9}"
EndProject
Global
	GlobalSection(SolutionConfigurationPlatforms) = preSolution
		Debug|Any CPU = Debug|Any CPU
		Release|Any CPU = Release|Any CPU
	EndGlobalSection
	GlobalSection(ProjectConfigurationPlatforms) = postSolution
		{A2D74FF1-B1A9-480D-8CE9-41FF5FDA3993}.Debug|Any CPU.ActiveCfg = Debug|Any CPU
		{A2D74FF1-B1A9-480D-8CE9-41FF5FDA3993}.Debug|Any CPU.Build.0 = Debug|Any CPU
		{A2D74FF1-B1A9-480D-8CE9-41FF5FDA3993}.Release|Any CPU.ActiveCfg = Release|Any CPU
		{A2D74FF1-B1A9-480D-8CE9-41FF5FDA3993}.Release|Any CPU.Build.0 = Release|Any CPU
		{4DE8AC13-ECC6-48E4-8EE5-9DCB52072AB9}.Debug|Any CPU.ActiveCfg = Debug|Any CPU
		{4DE8AC13-ECC6-48E4-8EE5-9DCB52072AB9}.Debug|Any CPU.Build.0 = Debug|Any CPU
		{4DE8AC13-ECC6-48E4-8EE5-9DCB52072AB9}.Release|Any CPU.ActiveCfg = Release|Any CPU
		{4DE8AC13-ECC6-48E4-8EE5-9DCB52072AB9}.Release|Any CPU.Build.0 = Release|Any CPU
	EndGlobalSection
	GlobalSection(NestedProjects) = preSolution
	EndGlobalSection
EndGlobal
